
Microsoft Visual Studio Solution File, Format Version 12.00
# Visual Studio Version 17
VisualStudioVersion = 17.10.35013.160
MinimumVisualStudioVersion = 10.0.40219.1
Project("{FAE04EC0-301F-11D3-BF4B-00C04F79EFBC}") = "ServiceBusMVC", "ServiceBusMVC.csproj", "{AA51D240-E71A-43F7-B104-E7EC70EF8261}"
EndProject
Global
	GlobalSection(SolutionConfigurationPlatforms) = preSolution
		Debug|Any CPU = Debug|Any CPU
		Release|Any CPU = Release|Any CPU
	EndGlobalSection
	GlobalSection(ProjectConfigurationPlatforms) = postSolution
		{AA51D240-E71A-43F7-B104-E7EC70EF8261}.Debug|Any CPU.ActiveCfg = Debug|Any CPU
		{AA51D240-E71A-43F7-B104-E7EC70EF8261}.Debug|Any CPU.Build.0 = Debug|Any CPU
		{AA51D240-E71A-43F7-B104-E7EC70EF8261}.Release|Any CPU.ActiveCfg = Release|Any CPU
		{AA51D240-E71A-43F7-B104-E7EC70EF8261}.Release|Any CPU.Build.0 = Release|Any CPU
	EndGlobalSection
	GlobalSection(SolutionProperties) = preSolution
		HideSolutionNode = FALSE
	EndGlobalSection
	GlobalSection(ExtensibilityGlobals) = postSolution
		SolutionGuid = {04FF6F72-7324-4EAE-8433-11662F89B9A8}
	EndGlobalSection
EndGlobal
